
Microsoft Visual Studio Solution File, Format Version 12.00
# Visual Studio Version 17
VisualStudioVersion = 17.7.34221.43
MinimumVisualStudioVersion = 10.0.40219.1
Project("{FAE04EC0-301F-11D3-BF4B-00C04F79EFBC}") = "NewTalent", "NewTalent.csproj", "{F0966819-CBB4-4144-A265-FDA3ABC3F78F}"
EndProject
Project("{FAE04EC0-301F-11D3-BF4B-00C04F79EFBC}") = "NewTalentTest", "..\NewTalentTest\NewTalentTest.csproj", "{A2B52139-79A3-47B3-B6DF-E41F8FBD9C89}"
EndProject
Global
	GlobalSection(SolutionConfigurationPlatforms) = preSolution
		Debug|Any CPU = Debug|Any CPU
		Release|Any CPU = Release|Any CPU
	EndGlobalSection
	GlobalSection(ProjectConfigurationPlatforms) = postSolution
		{F0966819-CBB4-4144-A265-FDA3ABC3F78F}.Debug|Any CPU.ActiveCfg = Debug|Any CPU
		{F0966819-CBB4-4144-A265-FDA3ABC3F78F}.Debug|Any CPU.Build.0 = Debug|Any CPU
		{F0966819-CBB4-4144-A265-FDA3ABC3F78F}.Release|Any CPU.ActiveCfg = Release|Any CPU
		{F0966819-CBB4-4144-A265-FDA3ABC3F78F}.Release|Any CPU.Build.0 = Release|Any CPU
		{A2B52139-79A3-47B3-B6DF-E41F8FBD9C89}.Debug|Any CPU.ActiveCfg = Debug|Any CPU
		{A2B52139-79A3-47B3-B6DF-E41F8FBD9C89}.Debug|Any CPU.Build.0 = Debug|Any CPU
		{A2B52139-79A3-47B3-B6DF-E41F8FBD9C89}.Release|Any CPU.ActiveCfg = Release|Any CPU
		{A2B52139-79A3-47B3-B6DF-E41F8FBD9C89}.Release|Any CPU.Build.0 = Release|Any CPU
	EndGlobalSection
	GlobalSection(SolutionProperties) = preSolution
		HideSolutionNode = FALSE
	EndGlobalSection
	GlobalSection(ExtensibilityGlobals) = postSolution
		SolutionGuid = {4F06964C-7976-42B5-AB9E-A1AF27B01236}
	EndGlobalSection
EndGlobal
